
Microsoft Visual Studio Solution File, Format Version 12.00
# Visual Studio Version 17
VisualStudioVersion = 17.9.34607.119
MinimumVisualStudioVersion = 10.0.40219.1
Project("{9A19103F-16F7-4668-BE54-9A1E7A4F7556}") = "StajProje", "StajProje\StajProje.csproj", "{281B204F-97D2-4FD1-B10B-1DF034CEA263}"
EndProject
Project("{FAE04EC0-301F-11D3-BF4B-00C04F79EFBC}") = "stajProjeLogin", "stajProjeLogin\stajProjeLogin.csproj", "{D78D0F65-1C2C-4729-99F5-60F6D24FF13F}"
EndProject
Global
	GlobalSection(SolutionConfigurationPlatforms) = preSolution
		Debug|Any CPU = Debug|Any CPU
		Release|Any CPU = Release|Any CPU
	EndGlobalSection
	GlobalSection(ProjectConfigurationPlatforms) = postSolution
		{281B204F-97D2-4FD1-B10B-1DF034CEA263}.Debug|Any CPU.ActiveCfg = Debug|Any CPU
		{281B204F-97D2-4FD1-B10B-1DF034CEA263}.Debug|Any CPU.Build.0 = Debug|Any CPU
		{281B204F-97D2-4FD1-B10B-1DF034CEA263}.Release|Any CPU.ActiveCfg = Release|Any CPU
		{281B204F-97D2-4FD1-B10B-1DF034CEA263}.Release|Any CPU.Build.0 = Release|Any CPU
		{D78D0F65-1C2C-4729-99F5-60F6D24FF13F}.Debug|Any CPU.ActiveCfg = Debug|Any CPU
		{D78D0F65-1C2C-4729-99F5-60F6D24FF13F}.Debug|Any CPU.Build.0 = Debug|Any CPU
		{D78D0F65-1C2C-4729-99F5-60F6D24FF13F}.Release|Any CPU.ActiveCfg = Release|Any CPU
		{D78D0F65-1C2C-4729-99F5-60F6D24FF13F}.Release|Any CPU.Build.0 = Release|Any CPU
	EndGlobalSection
	GlobalSection(SolutionProperties) = preSolution
		HideSolutionNode = FALSE
	EndGlobalSection
	GlobalSection(ExtensibilityGlobals) = postSolution
		SolutionGuid = {3BA854EC-8549-46B8-AD3D-FB553ED64368}
	EndGlobalSection
EndGlobal
